// !$*UTF8*$!
{
	archiveVersion = 1;
	classes = {
	};
	objectVersion = 46;
	objects = {

/* Begin PBXBuildFile section */
		44710468EBB787BD77F0CB2D /* libPods-TestYoutube.a in Frameworks */ = {isa = PBXBuildFile; fileRef = 33D11182B2804F0B6D9F0E83 /* libPods-TestYoutube.a */; };
		FFC5274A1D04828700561DF0 /* main.m in Sources */ = {isa = PBXBuildFile; fileRef = FFC527491D04828700561DF0 /* main.m */; };
		FFC5274D1D04828700561DF0 /* AppDelegate.m in Sources */ = {isa = PBXBuildFile; fileRef = FFC5274C1D04828700561DF0 /* AppDelegate.m */; };
		FFC527531D04828700561DF0 /* Main.storyboard in Resources */ = {isa = PBXBuildFile; fileRef = FFC527511D04828700561DF0 /* Main.storyboard */; };
		FFC527551D04828700561DF0 /* Assets.xcassets in Resources */ = {isa = PBXBuildFile; fileRef = FFC527541D04828700561DF0 /* Assets.xcassets */; };
		FFC527581D04828700561DF0 /* LaunchScreen.storyboard in Resources */ = {isa = PBXBuildFile; fileRef = FFC527561D04828700561DF0 /* LaunchScreen.storyboard */; };
		FFC527651D05974F00561DF0 /* VideoModel.m in Sources */ = {isa = PBXBuildFile; fileRef = FFC527641D05974F00561DF0 /* VideoModel.m */; };
		FFC527681D05A77900561DF0 /* Arrow-down@2x.png in Resources */ = {isa = PBXBuildFile; fileRef = FFC527671D05A77900561DF0 /* Arrow-down@2x.png */; };
		FFC5276A1D05B20F00561DF0 /* Arrow-down@3x.png in Resources */ = {isa = PBXBuildFile; fileRef = FFC527691D05B20F00561DF0 /* Arrow-down@3x.png */; };
		FFC5276D1D05BAC700561DF0 /* VideoCollectionViewCell.m in Sources */ = {isa = PBXBuildFile; fileRef = FFC5276C1D05BAC700561DF0 /* VideoCollectionViewCell.m */; };
		FFC527721D05BD0000561DF0 /* Overlay@2x.png in Resources */ = {isa = PBXBuildFile; fileRef = FFC527701D05BD0000561DF0 /* Overlay@2x.png */; };
		FFC527731D05BD0000561DF0 /* Overlay@3x.png in Resources */ = {isa = PBXBuildFile; fileRef = FFC527711D05BD0000561DF0 /* Overlay@3x.png */; };
		FFC527761D05BEAA00561DF0 /* play-button@2x.png in Resources */ = {isa = PBXBuildFile; fileRef = FFC527741D05BEAA00561DF0 /* play-button@2x.png */; };
		FFC527771D05BEAA00561DF0 /* play-button@3x.png in Resources */ = {isa = PBXBuildFile; fileRef = FFC527751D05BEAA00561DF0 /* play-button@3x.png */; };
		FFC5277E1D05D7B500561DF0 /* AVFoundation.framework in Frameworks */ = {isa = PBXBuildFile; fileRef = FFC5277D1D05D7B500561DF0 /* AVFoundation.framework */; };
		FFC527801D05D7BF00561DF0 /* AVKit.framework in Frameworks */ = {isa = PBXBuildFile; fileRef = FFC5277F1D05D7BF00561DF0 /* AVKit.framework */; };
		FFC527831D05E19200561DF0 /* ViewController.m in Sources */ = {isa = PBXBuildFile; fileRef = FFC527821D05E19200561DF0 /* ViewController.m */; };
/* End PBXBuildFile section */

/* Begin PBXFileReference section */
		33D11182B2804F0B6D9F0E83 /* libPods-TestYoutube.a */ = {isa = PBXFileReference; explicitFileType = archive.ar; includeInIndex = 0; path = "libPods-TestYoutube.a"; sourceTree = BUILT_PRODUCTS_DIR; };
		D0E6C602BB4C8CC1D999494B /* Pods-TestYoutube.debug.xcconfig */ = {isa = PBXFileReference; includeInIndex = 1; lastKnownFileType = text.xcconfig; name = "Pods-TestYoutube.debug.xcconfig"; path = "Pods/Target Support Files/Pods-TestYoutube/Pods-TestYoutube.debug.xcconfig"; sourceTree = "<group>"; };
		E32A9FB918FAD70693930671 /* Pods-TestYoutube.release.xcconfig */ = {isa = PBXFileReference; includeInIndex = 1; lastKnownFileType = text.xcconfig; name = "Pods-TestYoutube.release.xcconfig"; path = "Pods/Target Support Files/Pods-TestYoutube/Pods-TestYoutube.release.xcconfig"; sourceTree = "<group>"; };
		FFC527451D04828700561DF0 /* TestYoutube.app */ = {isa = PBXFileReference; explicitFileType = wrapper.application; includeInIndex = 0; path = TestYoutube.app; sourceTree = BUILT_PRODUCTS_DIR; };
		FFC527491D04828700561DF0 /* main.m */ = {isa = PBXFileReference; lastKnownFileType = sourcecode.c.objc; path = main.m; sourceTree = "<group>"; };
		FFC5274B1D04828700561DF0 /* AppDelegate.h */ = {isa = PBXFileReference; lastKnownFileType = sourcecode.c.h; path = AppDelegate.h; sourceTree = "<group>"; };
		FFC5274C1D04828700561DF0 /* AppDelegate.m */ = {isa = PBXFileReference; lastKnownFileType = sourcecode.c.objc; path = AppDelegate.m; sourceTree = "<group>"; };
		FFC527521D04828700561DF0 /* Base */ = {isa = PBXFileReference; lastKnownFileType = file.storyboard; name = Base; path = Base.lproj/Main.storyboard; sourceTree = "<group>"; };
		FFC527541D04828700561DF0 /* Assets.xcassets */ = {isa = PBXFileReference; lastKnownFileType = folder.assetcatalog; path = Assets.xcassets; sourceTree = "<group>"; };
		FFC527571D04828700561DF0 /* Base */ = {isa = PBXFileReference; lastKnownFileType = file.storyboard; name = Base; path = Base.lproj/LaunchScreen.storyboard; sourceTree = "<group>"; };
		FFC527591D04828700561DF0 /* Info.plist */ = {isa = PBXFileReference; lastKnownFileType = text.plist.xml; path = Info.plist; sourceTree = "<group>"; };
		FFC527631D05974F00561DF0 /* VideoModel.h */ = {isa = PBXFileReference; fileEncoding = 4; lastKnownFileType = sourcecode.c.h; name = VideoModel.h; path = Model/VideoModel.h; sourceTree = "<group>"; };
		FFC527641D05974F00561DF0 /* VideoModel.m */ = {isa = PBXFileReference; fileEncoding = 4; lastKnownFileType = sourcecode.c.objc; name = VideoModel.m; path = Model/VideoModel.m; sourceTree = "<group>"; };
		FFC527671D05A77900561DF0 /* Arrow-down@2x.png */ = {isa = PBXFileReference; lastKnownFileType = image.png; name = "Arrow-down@2x.png"; path = "Images/Arrow-down@2x.png"; sourceTree = "<group>"; };
		FFC527691D05B20F00561DF0 /* Arrow-down@3x.png */ = {isa = PBXFileReference; lastKnownFileType = image.png; name = "Arrow-down@3x.png"; path = "Images/Arrow-down@3x.png"; sourceTree = "<group>"; };
		FFC5276B1D05BAC700561DF0 /* VideoCollectionViewCell.h */ = {isa = PBXFileReference; fileEncoding = 4; lastKnownFileType = sourcecode.c.h; name = VideoCollectionViewCell.h; path = View/VideoCollectionViewCell.h; sourceTree = "<group>"; };
		FFC5276C1D05BAC700561DF0 /* VideoCollectionViewCell.m */ = {isa = PBXFileReference; fileEncoding = 4; lastKnownFileType = sourcecode.c.objc; name = VideoCollectionViewCell.m; path = View/VideoCollectionViewCell.m; sourceTree = "<group>"; };
		FFC527701D05BD0000561DF0 /* Overlay@2x.png */ = {isa = PBXFileReference; lastKnownFileType = image.png; name = "Overlay@2x.png"; path = "Images/Overlay@2x.png"; sourceTree = "<group>"; };
		FFC527711D05BD0000561DF0 /* Overlay@3x.png */ = {isa = PBXFileReference; lastKnownFileType = image.png; name = "Overlay@3x.png"; path = "Images/Overlay@3x.png"; sourceTree = "<group>"; };
		FFC527741D05BEAA00561DF0 /* play-button@2x.png */ = {isa = PBXFileReference; lastKnownFileType = image.png; name = "play-button@2x.png"; path = "Images/play-button@2x.png"; sourceTree = "<group>"; };
		FFC527751D05BEAA00561DF0 /* play-button@3x.png */ = {isa = PBXFileReference; lastKnownFileType = image.png; name = "play-button@3x.png"; path = "Images/play-button@3x.png"; sourceTree = "<group>"; };
		FFC5277B1D05D60300561DF0 /* MediaPlayer.framework */ = {isa = PBXFileReference; lastKnownFileType = wrapper.framework; name = MediaPlayer.framework; path = System/Library/Frameworks/MediaPlayer.framework; sourceTree = SDKROOT; };
		FFC5277D1D05D7B500561DF0 /* AVFoundation.framework */ = {isa = PBXFileReference; lastKnownFileType = wrapper.framework; name = AVFoundation.framework; path = System/Library/Frameworks/AVFoundation.framework; sourceTree = SDKROOT; };
		FFC5277F1D05D7BF00561DF0 /* AVKit.framework */ = {isa = PBXFileReference; lastKnownFileType = wrapper.framework; name = AVKit.framework; path = System/Library/Frameworks/AVKit.framework; sourceTree = SDKROOT; };
		FFC527811D05E19200561DF0 /* ViewController.h */ = {isa = PBXFileReference; fileEncoding = 4; lastKnownFileType = sourcecode.c.h; name = ViewController.h; path = ViewControllers/ViewController.h; sourceTree = "<group>"; };
		FFC527821D05E19200561DF0 /* ViewController.m */ = {isa = PBXFileReference; fileEncoding = 4; lastKnownFileType = sourcecode.c.objc; name = ViewController.m; path = ViewControllers/ViewController.m; sourceTree = "<group>"; };
/* End PBXFileReference section */

/* Begin PBXFrameworksBuildPhase section */
		FFC527421D04828700561DF0 /* Frameworks */ = {
			isa = PBXFrameworksBuildPhase;
			buildActionMask = 2147483647;
			files = (
				FFC527801D05D7BF00561DF0 /* AVKit.framework in Frameworks */,
				FFC5277E1D05D7B500561DF0 /* AVFoundation.framework in Frameworks */,
				44710468EBB787BD77F0CB2D /* libPods-TestYoutube.a in Frameworks */,
			);
			runOnlyForDeploymentPostprocessing = 0;
		};
/* End PBXFrameworksBuildPhase section */

/* Begin PBXGroup section */
		B18AF22672DCDABB388921A4 /* Pods */ = {
			isa = PBXGroup;
			children = (
				D0E6C602BB4C8CC1D999494B /* Pods-TestYoutube.debug.xcconfig */,
				E32A9FB918FAD70693930671 /* Pods-TestYoutube.release.xcconfig */,
			);
			name = Pods;
			sourceTree = "<group>";
		};
		B3916FE8A911CBE3ABBF42DB /* Frameworks */ = {
			isa = PBXGroup;
			children = (
				FFC5277F1D05D7BF00561DF0 /* AVKit.framework */,
				FFC5277D1D05D7B500561DF0 /* AVFoundation.framework */,
				FFC5277B1D05D60300561DF0 /* MediaPlayer.framework */,
				33D11182B2804F0B6D9F0E83 /* libPods-TestYoutube.a */,
			);
			name = Frameworks;
			sourceTree = "<group>";
		};
		FFC5273C1D04828600561DF0 = {
			isa = PBXGroup;
			children = (
				FFC527471D04828700561DF0 /* TestYoutube */,
				FFC527461D04828700561DF0 /* Products */,
				B18AF22672DCDABB388921A4 /* Pods */,
				B3916FE8A911CBE3ABBF42DB /* Frameworks */,
			);
			sourceTree = "<group>";
		};
		FFC527461D04828700561DF0 /* Products */ = {
			isa = PBXGroup;
			children = (
				FFC527451D04828700561DF0 /* TestYoutube.app */,
			);
			name = Products;
			sourceTree = "<group>";
		};
		FFC527471D04828700561DF0 /* TestYoutube */ = {
			isa = PBXGroup;
			children = (
				FFC527621D05971900561DF0 /* StoryBoards */,
				FFC527611D05970C00561DF0 /* Controllers */,
				FFC527601D05970500561DF0 /* View */,
				FFC5275F1D0596FA00561DF0 /* Model */,
				FFC5274B1D04828700561DF0 /* AppDelegate.h */,
				FFC5274C1D04828700561DF0 /* AppDelegate.m */,
				FFC527541D04828700561DF0 /* Assets.xcassets */,
				FFC527591D04828700561DF0 /* Info.plist */,
				FFC527661D05A76500561DF0 /* Images */,
				FFC527481D04828700561DF0 /* Supporting Files */,
			);
			path = TestYoutube;
			sourceTree = "<group>";
		};
		FFC527481D04828700561DF0 /* Supporting Files */ = {
			isa = PBXGroup;
			children = (
				FFC527491D04828700561DF0 /* main.m */,
			);
			name = "Supporting Files";
			sourceTree = "<group>";
		};
		FFC5275F1D0596FA00561DF0 /* Model */ = {
			isa = PBXGroup;
			children = (
				FFC527631D05974F00561DF0 /* VideoModel.h */,
				FFC527641D05974F00561DF0 /* VideoModel.m */,
			);
			name = Model;
			sourceTree = "<group>";
		};
		FFC527601D05970500561DF0 /* View */ = {
			isa = PBXGroup;
			children = (
				FFC5276B1D05BAC700561DF0 /* VideoCollectionViewCell.h */,
				FFC5276C1D05BAC700561DF0 /* VideoCollectionViewCell.m */,
			);
			name = View;
			sourceTree = "<group>";
		};
		FFC527611D05970C00561DF0 /* Controllers */ = {
			isa = PBXGroup;
			children = (
				FFC527811D05E19200561DF0 /* ViewController.h */,
				FFC527821D05E19200561DF0 /* ViewController.m */,
			);
			name = Controllers;
			sourceTree = "<group>";
		};
		FFC527621D05971900561DF0 /* StoryBoards */ = {
			isa = PBXGroup;
			children = (
				FFC527511D04828700561DF0 /* Main.storyboard */,
				FFC527561D04828700561DF0 /* LaunchScreen.storyboard */,
			);
			name = StoryBoards;
			sourceTree = "<group>";
		};
		FFC527661D05A76500561DF0 /* Images */ = {
			isa = PBXGroup;
			children = (
				FFC527741D05BEAA00561DF0 /* play-button@2x.png */,
				FFC527751D05BEAA00561DF0 /* play-button@3x.png */,
				FFC527701D05BD0000561DF0 /* Overlay@2x.png */,
				FFC527711D05BD0000561DF0 /* Overlay@3x.png */,
				FFC527691D05B20F00561DF0 /* Arrow-down@3x.png */,
				FFC527671D05A77900561DF0 /* Arrow-down@2x.png */,
			);
			name = Images;
			sourceTree = "<group>";
		};
/* End PBXGroup section */

/* Begin PBXNativeTarget section */
		FFC527441D04828700561DF0 /* TestYoutube */ = {
			isa = PBXNativeTarget;
			buildConfigurationList = FFC5275C1D04828700561DF0 /* Build configuration list for PBXNativeTarget "TestYoutube" */;
			buildPhases = (
				71F4646D9ECD5D93B4D640EC /* [CP] Check Pods Manifest.lock */,
				FFC527411D04828700561DF0 /* Sources */,
				FFC527421D04828700561DF0 /* Frameworks */,
				FFC527431D04828700561DF0 /* Resources */,
				85EED2F654367450ED064E62 /* [CP] Embed Pods Frameworks */,
				74F69E7EE9AA8AD7968D883B /* [CP] Copy Pods Resources */,
			);
			buildRules = (
			);
			dependencies = (
			);
			name = TestYoutube;
			productName = TestYoutube;
			productReference = FFC527451D04828700561DF0 /* TestYoutube.app */;
			productType = "com.apple.product-type.application";
		};
/* End PBXNativeTarget section */

/* Begin PBXProject section */
		FFC5273D1D04828600561DF0 /* Project object */ = {
			isa = PBXProject;
			attributes = {
				LastUpgradeCheck = 0730;
				ORGANIZATIONNAME = Vasiliy;
				TargetAttributes = {
					FFC527441D04828700561DF0 = {
						CreatedOnToolsVersion = 7.3.1;
					};
				};
			};
			buildConfigurationList = FFC527401D04828600561DF0 /* Build configuration list for PBXProject "TestYoutube" */;
			compatibilityVersion = "Xcode 3.2";
			developmentRegion = English;
			hasScannedForEncodings = 0;
			knownRegions = (
				en,
				Base,
			);
			mainGroup = FFC5273C1D04828600561DF0;
			productRefGroup = FFC527461D04828700561DF0 /* Products */;
			projectDirPath = "";
			projectRoot = "";
			targets = (
				FFC527441D04828700561DF0 /* TestYoutube */,
			);
		};
/* End PBXProject section */

/* Begin PBXResourcesBuildPhase section */
		FFC527431D04828700561DF0 /* Resources */ = {
			isa = PBXResourcesBuildPhase;
			buildActionMask = 2147483647;
			files = (
				FFC5276A1D05B20F00561DF0 /* Arrow-down@3x.png in Resources */,
				FFC527761D05BEAA00561DF0 /* play-button@2x.png in Resources */,
				FFC527581D04828700561DF0 /* LaunchScreen.storyboard in Resources */,
				FFC527551D04828700561DF0 /* Assets.xcassets in Resources */,
				FFC527681D05A77900561DF0 /* Arrow-down@2x.png in Resources */,
				FFC527721D05BD0000561DF0 /* Overlay@2x.png in Resources */,
				FFC527771D05BEAA00561DF0 /* play-button@3x.png in Resources */,
				FFC527731D05BD0000561DF0 /* Overlay@3x.png in Resources */,
				FFC527531D04828700561DF0 /* Main.storyboard in Resources */,
			);
			runOnlyForDeploymentPostprocessing = 0;
		};
/* End PBXResourcesBuildPhase section */

/* Begin PBXShellScriptBuildPhase section */
		71F4646D9ECD5D93B4D640EC /* [CP] Check Pods Manifest.lock */ = {
			isa = PBXShellScriptBuildPhase;
			buildActionMask = 2147483647;
			files = (
			);
			inputPaths = (
			);
			name = "[CP] Check Pods Manifest.lock";
			outputPaths = (
			);
			runOnlyForDeploymentPostprocessing = 0;
			shellPath = /bin/sh;
			shellScript = "diff \"${PODS_ROOT}/../Podfile.lock\" \"${PODS_ROOT}/Manifest.lock\" > /dev/null\nif [[ $? != 0 ]] ; then\n    cat << EOM\nerror: The sandbox is not in sync with the Podfile.lock. Run 'pod install' or update your CocoaPods installation.\nEOM\n    exit 1\nfi\n";
			showEnvVarsInLog = 0;
		};
		74F69E7EE9AA8AD7968D883B /* [CP] Copy Pods Resources */ = {
			isa = PBXShellScriptBuildPhase;
			buildActionMask = 2147483647;
			files = (
			);
			inputPaths = (
			);
			name = "[CP] Copy Pods Resources";
			outputPaths = (
			);
			runOnlyForDeploymentPostprocessing = 0;
			shellPath = /bin/sh;
			shellScript = "\"${SRCROOT}/Pods/Target Support Files/Pods-TestYoutube/Pods-TestYoutube-resources.sh\"\n";
			showEnvVarsInLog = 0;
		};
		85EED2F654367450ED064E62 /* [CP] Embed Pods Frameworks */ = {
			isa = PBXShellScriptBuildPhase;
			buildActionMask = 2147483647;
			files = (
			);
			inputPaths = (
			);
			name = "[CP] Embed Pods Frameworks";
			outputPaths = (
			);
			runOnlyForDeploymentPostprocessing = 0;
			shellPath = /bin/sh;
			shellScript = "\"${SRCROOT}/Pods/Target Support Files/Pods-TestYoutube/Pods-TestYoutube-frameworks.sh\"\n";
			showEnvVarsInLog = 0;
		};
/* End PBXShellScriptBuildPhase section */

/* Begin PBXSourcesBuildPhase section */
		FFC527411D04828700561DF0 /* Sources */ = {
			isa = PBXSourcesBuildPhase;
			buildActionMask = 2147483647;
			files = (
				FFC5274D1D04828700561DF0 /* AppDelegate.m in Sources */,
				FFC5274A1D04828700561DF0 /* main.m in Sources */,
				FFC5276D1D05BAC700561DF0 /* VideoCollectionViewCell.m in Sources */,
				FFC527651D05974F00561DF0 /* VideoModel.m in Sources */,
				FFC527831D05E19200561DF0 /* ViewController.m in Sources */,
			);
			runOnlyForDeploymentPostprocessing = 0;
		};
/* End PBXSourcesBuildPhase section */

/* Begin PBXVariantGroup section */
		FFC527511D04828700561DF0 /* Main.storyboard */ = {
			isa = PBXVariantGroup;
			children = (
				FFC527521D04828700561DF0 /* Base */,
			);
			name = Main.storyboard;
			sourceTree = "<group>";
		};
		FFC527561D04828700561DF0 /* LaunchScreen.storyboard */ = {
			isa = PBXVariantGroup;
			children = (
				FFC527571D04828700561DF0 /* Base */,
			);
			name = LaunchScreen.storyboard;
			sourceTree = "<group>";
		};
/* End PBXVariantGroup section */

/* Begin XCBuildConfiguration section */
		FFC5275A1D04828700561DF0 /* Debug */ = {
			isa = XCBuildConfiguration;
			buildSettings = {
				ALWAYS_SEARCH_USER_PATHS = NO;
				CLANG_ANALYZER_NONNULL = YES;
				CLANG_CXX_LANGUAGE_STANDARD = "gnu++0x";
				CLANG_CXX_LIBRARY = "libc++";
				CLANG_ENABLE_MODULES = YES;
				CLANG_ENABLE_OBJC_ARC = YES;
				CLANG_WARN_BOOL_CONVERSION = YES;
				CLANG_WARN_CONSTANT_CONVERSION = YES;
				CLANG_WARN_DIRECT_OBJC_ISA_USAGE = YES_ERROR;
				CLANG_WARN_EMPTY_BODY = YES;
				CLANG_WARN_ENUM_CONVERSION = YES;
				CLANG_WARN_INT_CONVERSION = YES;
				CLANG_WARN_OBJC_ROOT_CLASS = YES_ERROR;
				CLANG_WARN_UNREACHABLE_CODE = YES;
				CLANG_WARN__DUPLICATE_METHOD_MATCH = YES;
				"CODE_SIGN_IDENTITY[sdk=iphoneos*]" = "iPhone Developer";
				COPY_PHASE_STRIP = NO;
				DEBUG_INFORMATION_FORMAT = dwarf;
				ENABLE_STRICT_OBJC_MSGSEND = YES;
				ENABLE_TESTABILITY = YES;
				GCC_C_LANGUAGE_STANDARD = gnu99;
				GCC_DYNAMIC_NO_PIC = NO;
				GCC_NO_COMMON_BLOCKS = YES;
				GCC_OPTIMIZATION_LEVEL = 0;
				GCC_PREPROCESSOR_DEFINITIONS = (
					"DEBUG=1",
					"$(inherited)",
				);
				GCC_WARN_64_TO_32_BIT_CONVERSION = YES;
				GCC_WARN_ABOUT_RETURN_TYPE = YES_ERROR;
				GCC_WARN_UNDECLARED_SELECTOR = YES;
				GCC_WARN_UNINITIALIZED_AUTOS = YES_AGGRESSIVE;
				GCC_WARN_UNUSED_FUNCTION = YES;
				GCC_WARN_UNUSED_VARIABLE = YES;
				IPHONEOS_DEPLOYMENT_TARGET = 9.3;
				MTL_ENABLE_DEBUG_INFO = YES;
				ONLY_ACTIVE_ARCH = YES;
				SDKROOT = iphoneos;
			};
			name = Debug;
		};
		FFC5275B1D04828700561DF0 /* Release */ = {
			isa = XCBuildConfiguration;
			buildSettings = {
				ALWAYS_SEARCH_USER_PATHS = NO;
				CLANG_ANALYZER_NONNULL = YES;
				CLANG_CXX_LANGUAGE_STANDARD = "gnu++0x";
				CLANG_CXX_LIBRARY = "libc++";
				CLANG_ENABLE_MODULES = YES;
				CLANG_ENABLE_OBJC_ARC = YES;
				CLANG_WARN_BOOL_CONVERSION = YES;
				CLANG_WARN_CONSTANT_CONVERSION = YES;
				CLANG_WARN_DIRECT_OBJC_ISA_USAGE = YES_ERROR;
				CLANG_WARN_EMPTY_BODY = YES;
				CLANG_WARN_ENUM_CONVERSION = YES;
				CLANG_WARN_INT_CONVERSION = YES;
				CLANG_WARN_OBJC_ROOT_CLASS = YES_ERROR;
				CLANG_WARN_UNREACHABLE_CODE = YES;
				CLANG_WARN__DUPLICATE_METHOD_MATCH = YES;
				"CODE_SIGN_IDENTITY[sdk=iphoneos*]" = "iPhone Developer";
				COPY_PHASE_STRIP = NO;
				DEBUG_INFORMATION_FORMAT = "dwarf-with-dsym";
				ENABLE_NS_ASSERTIONS = NO;
				ENABLE_STRICT_OBJC_MSGSEND = YES;
				GCC_C_LANGUAGE_STANDARD = gnu99;
				GCC_NO_COMMON_BLOCKS = YES;
				GCC_WARN_64_TO_32_BIT_CONVERSION = YES;
				GCC_WARN_ABOUT_RETURN_TYPE = YES_ERROR;
				GCC_WARN_UNDECLARED_SELECTOR = YES;
				GCC_WARN_UNINITIALIZED_AUTOS = YES_AGGRESSIVE;
				GCC_WARN_UNUSED_FUNCTION = YES;
				GCC_WARN_UNUSED_VARIABLE = YES;
				IPHONEOS_DEPLOYMENT_TARGET = 9.3;
				MTL_ENABLE_DEBUG_INFO = NO;
				SDKROOT = iphoneos;
				VALIDATE_PRODUCT = YES;
			};
			name = Release;
		};
		FFC5275D1D04828700561DF0 /* Debug */ = {
			isa = XCBuildConfiguration;
			baseConfigurationReference = D0E6C602BB4C8CC1D999494B /* Pods-TestYoutube.debug.xcconfig */;
			buildSettings = {
				ASSETCATALOG_COMPILER_APPICON_NAME = AppIcon;
				INFOPLIST_FILE = TestYoutube/Info.plist;
				LD_RUNPATH_SEARCH_PATHS = "$(inherited) @executable_path/Frameworks";
				PRODUCT_BUNDLE_IDENTIFIER = ru.sl.yTest.TestYoutube;
				PRODUCT_NAME = "$(TARGET_NAME)";
			};
			name = Debug;
		};
		FFC5275E1D04828700561DF0 /* Release */ = {
			isa = XCBuildConfiguration;
			baseConfigurationReference = E32A9FB918FAD70693930671 /* Pods-TestYoutube.release.xcconfig */;
			buildSettings = {
				ASSETCATALOG_COMPILER_APPICON_NAME = AppIcon;
				INFOPLIST_FILE = TestYoutube/Info.plist;
				LD_RUNPATH_SEARCH_PATHS = "$(inherited) @executable_path/Frameworks";
				PRODUCT_BUNDLE_IDENTIFIER = ru.sl.yTest.TestYoutube;
				PRODUCT_NAME = "$(TARGET_NAME)";
			};
			name = Release;
		};
/* End XCBuildConfiguration section */

/* Begin XCConfigurationList section */
		FFC527401D04828600561DF0 /* Build configuration list for PBXProject "TestYoutube" */ = {
			isa = XCConfigurationList;
			buildConfigurations = (
				FFC5275A1D04828700561DF0 /* Debug */,
				FFC5275B1D04828700561DF0 /* Release */,
			);
			defaultConfigurationIsVisible = 0;
			defaultConfigurationName = Release;
		};
		FFC5275C1D04828700561DF0 /* Build configuration list for PBXNativeTarget "TestYoutube" */ = {
			isa = XCConfigurationList;
			buildConfigurations = (
				FFC5275D1D04828700561DF0 /* Debug */,
				FFC5275E1D04828700561DF0 /* Release */,
			);
			defaultConfigurationIsVisible = 0;
			defaultConfigurationName = Release;
		};
/* End XCConfigurationList section */
	};
	rootObject = FFC5273D1D04828600561DF0 /* Project object */;
}
